// !$*UTF8*$!
{
	archiveVersion = 1;
	classes = {
	};
	objectVersion = 55;
	objects = {

/* Begin PBXBuildFile section */
		2C666AA9287E063A0070F558 /* AppDelegate.swift in Sources */ = {isa = PBXBuildFile; fileRef = 2C666AA8287E063A0070F558 /* AppDelegate.swift */; };
		2C666AAD287E063A0070F558 /* ViewController.swift in Sources */ = {isa = PBXBuildFile; fileRef = 2C666AAC287E063A0070F558 /* ViewController.swift */; };
		2C666AB2287E063C0070F558 /* Assets.xcassets in Resources */ = {isa = PBXBuildFile; fileRef = 2C666AB1287E063C0070F558 /* Assets.xcassets */; };
		2C666AB5287E063C0070F558 /* LaunchScreen.storyboard in Resources */ = {isa = PBXBuildFile; fileRef = 2C666AB3287E063C0070F558 /* LaunchScreen.storyboard */; };
		2C666AE2287E0CA80070F558 /* ServiceCell.swift in Sources */ = {isa = PBXBuildFile; fileRef = 2C666AE1287E0CA80070F558 /* ServiceCell.swift */; };
		2C666AE4287E0D650070F558 /* Service.swift in Sources */ = {isa = PBXBuildFile; fileRef = 2C666AE3287E0D650070F558 /* Service.swift */; };
		2C666AE6287E12380070F558 /* NetworkingManager.swift in Sources */ = {isa = PBXBuildFile; fileRef = 2C666AE5287E12380070F558 /* NetworkingManager.swift */; };
		2C666AE9287EFEBB0070F558 /* Kingfisher in Frameworks */ = {isa = PBXBuildFile; productRef = 2C666AE8287EFEBB0070F558 /* Kingfisher */; };
/* End PBXBuildFile section */

/* Begin PBXContainerItemProxy section */
		2C666ABC287E063D0070F558 /* PBXContainerItemProxy */ = {
			isa = PBXContainerItemProxy;
			containerPortal = 2C666A9D287E063A0070F558 /* Project object */;
			proxyType = 1;
			remoteGlobalIDString = 2C666AA4287E063A0070F558;
			remoteInfo = iOS_sirius_test;
		};
		2C666AC6287E063D0070F558 /* PBXContainerItemProxy */ = {
			isa = PBXContainerItemProxy;
			containerPortal = 2C666A9D287E063A0070F558 /* Project object */;
			proxyType = 1;
			remoteGlobalIDString = 2C666AA4287E063A0070F558;
			remoteInfo = iOS_sirius_test;
		};
/* End PBXContainerItemProxy section */

/* Begin PBXFileReference section */
		2C666AA5287E063A0070F558 /* iOS_sirius_test.app */ = {isa = PBXFileReference; explicitFileType = wrapper.application; includeInIndex = 0; path = iOS_sirius_test.app; sourceTree = BUILT_PRODUCTS_DIR; };
		2C666AA8287E063A0070F558 /* AppDelegate.swift */ = {isa = PBXFileReference; lastKnownFileType = sourcecode.swift; path = AppDelegate.swift; sourceTree = "<group>"; };
		2C666AAC287E063A0070F558 /* ViewController.swift */ = {isa = PBXFileReference; lastKnownFileType = sourcecode.swift; path = ViewController.swift; sourceTree = "<group>"; };
		2C666AB1287E063C0070F558 /* Assets.xcassets */ = {isa = PBXFileReference; lastKnownFileType = folder.assetcatalog; path = Assets.xcassets; sourceTree = "<group>"; };
		2C666AB4287E063C0070F558 /* Base */ = {isa = PBXFileReference; lastKnownFileType = file.storyboard; name = Base; path = Base.lproj/LaunchScreen.storyboard; sourceTree = "<group>"; };
		2C666AB6287E063C0070F558 /* Info.plist */ = {isa = PBXFileReference; lastKnownFileType = text.plist.xml; path = Info.plist; sourceTree = "<group>"; };
		2C666ABB287E063D0070F558 /* iOS_sirius_testTests.xctest */ = {isa = PBXFileReference; explicitFileType = wrapper.cfbundle; includeInIndex = 0; path = iOS_sirius_testTests.xctest; sourceTree = BUILT_PRODUCTS_DIR; };
		2C666AC5287E063D0070F558 /* iOS_sirius_testUITests.xctest */ = {isa = PBXFileReference; explicitFileType = wrapper.cfbundle; includeInIndex = 0; path = iOS_sirius_testUITests.xctest; sourceTree = BUILT_PRODUCTS_DIR; };
		2C666AE1287E0CA80070F558 /* ServiceCell.swift */ = {isa = PBXFileReference; lastKnownFileType = sourcecode.swift; path = ServiceCell.swift; sourceTree = "<group>"; };
		2C666AE3287E0D650070F558 /* Service.swift */ = {isa = PBXFileReference; lastKnownFileType = sourcecode.swift; path = Service.swift; sourceTree = "<group>"; };
		2C666AE5287E12380070F558 /* NetworkingManager.swift */ = {isa = PBXFileReference; lastKnownFileType = sourcecode.swift; path = NetworkingManager.swift; sourceTree = "<group>"; };
/* End PBXFileReference section */

/* Begin PBXFrameworksBuildPhase section */
		2C666AA2287E063A0070F558 /* Frameworks */ = {
			isa = PBXFrameworksBuildPhase;
			buildActionMask = 2147483647;
			files = (
				2C666AE9287EFEBB0070F558 /* Kingfisher in Frameworks */,
			);
			runOnlyForDeploymentPostprocessing = 0;
		};
		2C666AB8287E063D0070F558 /* Frameworks */ = {
			isa = PBXFrameworksBuildPhase;
			buildActionMask = 2147483647;
			files = (
			);
			runOnlyForDeploymentPostprocessing = 0;
		};
		2C666AC2287E063D0070F558 /* Frameworks */ = {
			isa = PBXFrameworksBuildPhase;
			buildActionMask = 2147483647;
			files = (
			);
			runOnlyForDeploymentPostprocessing = 0;
		};
/* End PBXFrameworksBuildPhase section */

/* Begin PBXGroup section */
		2C666A9C287E063A0070F558 = {
			isa = PBXGroup;
			children = (
				2C666AA7287E063A0070F558 /* iOS_sirius_test */,
				2C666AA6287E063A0070F558 /* Products */,
			);
			sourceTree = "<group>";
		};
		2C666AA6287E063A0070F558 /* Products */ = {
			isa = PBXGroup;
			children = (
				2C666AA5287E063A0070F558 /* iOS_sirius_test.app */,
				2C666ABB287E063D0070F558 /* iOS_sirius_testTests.xctest */,
				2C666AC5287E063D0070F558 /* iOS_sirius_testUITests.xctest */,
			);
			name = Products;
			sourceTree = "<group>";
		};
		2C666AA7287E063A0070F558 /* iOS_sirius_test */ = {
			isa = PBXGroup;
			children = (
				2C666AB6287E063C0070F558 /* Info.plist */,
				2C666AE0287E0BB80070F558 /* Storing */,
				2C666ADF287E09060070F558 /* Networking */,
				2C666ADE287E08E80070F558 /* View */,
				2C666ADD287E08D30070F558 /* Controller */,
				2C666ADC287E08CD0070F558 /* Model */,
				2C666AD8287E089B0070F558 /* Other */,
			);
			path = iOS_sirius_test;
			sourceTree = "<group>";
		};
		2C666AD8287E089B0070F558 /* Other */ = {
			isa = PBXGroup;
			children = (
				2C666AA8287E063A0070F558 /* AppDelegate.swift */,
				2C666AB1287E063C0070F558 /* Assets.xcassets */,
			);
			path = Other;
			sourceTree = "<group>";
		};
		2C666ADC287E08CD0070F558 /* Model */ = {
			isa = PBXGroup;
			children = (
				2C666AE3287E0D650070F558 /* Service.swift */,
			);
			path = Model;
			sourceTree = "<group>";
		};
		2C666ADD287E08D30070F558 /* Controller */ = {
			isa = PBXGroup;
			children = (
				2C666AAC287E063A0070F558 /* ViewController.swift */,
			);
			path = Controller;
			sourceTree = "<group>";
		};
		2C666ADE287E08E80070F558 /* View */ = {
			isa = PBXGroup;
			children = (
				2C666AE1287E0CA80070F558 /* ServiceCell.swift */,
				2C666AB3287E063C0070F558 /* LaunchScreen.storyboard */,
			);
			path = View;
			sourceTree = "<group>";
		};
		2C666ADF287E09060070F558 /* Networking */ = {
			isa = PBXGroup;
			children = (
				2C666AE5287E12380070F558 /* NetworkingManager.swift */,
			);
			path = Networking;
			sourceTree = "<group>";
		};
		2C666AE0287E0BB80070F558 /* Storing */ = {
			isa = PBXGroup;
			children = (
			);
			path = Storing;
			sourceTree = "<group>";
		};
/* End PBXGroup section */

/* Begin PBXNativeTarget section */
		2C666AA4287E063A0070F558 /* iOS_sirius_test */ = {
			isa = PBXNativeTarget;
			buildConfigurationList = 2C666ACF287E063D0070F558 /* Build configuration list for PBXNativeTarget "iOS_sirius_test" */;
			buildPhases = (
				2C666AA1287E063A0070F558 /* Sources */,
				2C666AA2287E063A0070F558 /* Frameworks */,
				2C666AA3287E063A0070F558 /* Resources */,
			);
			buildRules = (
			);
			dependencies = (
			);
			name = iOS_sirius_test;
			packageProductDependencies = (
				2C666AE8287EFEBB0070F558 /* Kingfisher */,
			);
			productName = iOS_sirius_test;
			productReference = 2C666AA5287E063A0070F558 /* iOS_sirius_test.app */;
			productType = "com.apple.product-type.application";
		};
		2C666ABA287E063D0070F558 /* iOS_sirius_testTests */ = {
			isa = PBXNativeTarget;
			buildConfigurationList = 2C666AD2287E063D0070F558 /* Build configuration list for PBXNativeTarget "iOS_sirius_testTests" */;
			buildPhases = (
				2C666AB7287E063D0070F558 /* Sources */,
				2C666AB8287E063D0070F558 /* Frameworks */,
				2C666AB9287E063D0070F558 /* Resources */,
			);
			buildRules = (
			);
			dependencies = (
				2C666ABD287E063D0070F558 /* PBXTargetDependency */,
			);
			name = iOS_sirius_testTests;
			productName = iOS_sirius_testTests;
			productReference = 2C666ABB287E063D0070F558 /* iOS_sirius_testTests.xctest */;
			productType = "com.apple.product-type.bundle.unit-test";
		};
		2C666AC4287E063D0070F558 /* iOS_sirius_testUITests */ = {
			isa = PBXNativeTarget;
			buildConfigurationList = 2C666AD5287E063D0070F558 /* Build configuration list for PBXNativeTarget "iOS_sirius_testUITests" */;
			buildPhases = (
				2C666AC1287E063D0070F558 /* Sources */,
				2C666AC2287E063D0070F558 /* Frameworks */,
				2C666AC3287E063D0070F558 /* Resources */,
			);
			buildRules = (
			);
			dependencies = (
				2C666AC7287E063D0070F558 /* PBXTargetDependency */,
			);
			name = iOS_sirius_testUITests;
			productName = iOS_sirius_testUITests;
			productReference = 2C666AC5287E063D0070F558 /* iOS_sirius_testUITests.xctest */;
			productType = "com.apple.product-type.bundle.ui-testing";
		};
/* End PBXNativeTarget section */

/* Begin PBXProject section */
		2C666A9D287E063A0070F558 /* Project object */ = {
			isa = PBXProject;
			attributes = {
				BuildIndependentTargetsInParallel = 1;
				LastSwiftUpdateCheck = 1340;
				LastUpgradeCheck = 1340;
				TargetAttributes = {
					2C666AA4287E063A0070F558 = {
						CreatedOnToolsVersion = 13.4.1;
					};
					2C666ABA287E063D0070F558 = {
						CreatedOnToolsVersion = 13.4.1;
						TestTargetID = 2C666AA4287E063A0070F558;
					};
					2C666AC4287E063D0070F558 = {
						CreatedOnToolsVersion = 13.4.1;
						TestTargetID = 2C666AA4287E063A0070F558;
					};
				};
			};
			buildConfigurationList = 2C666AA0287E063A0070F558 /* Build configuration list for PBXProject "iOS_sirius_test" */;
			compatibilityVersion = "Xcode 13.0";
			developmentRegion = en;
			hasScannedForEncodings = 0;
			knownRegions = (
				en,
				Base,
			);
			mainGroup = 2C666A9C287E063A0070F558;
			packageReferences = (
				2C666AE7287EFEBB0070F558 /* XCRemoteSwiftPackageReference "Kingfisher" */,
			);
			productRefGroup = 2C666AA6287E063A0070F558 /* Products */;
			projectDirPath = "";
			projectRoot = "";
			targets = (
				2C666AA4287E063A0070F558 /* iOS_sirius_test */,
				2C666ABA287E063D0070F558 /* iOS_sirius_testTests */,
				2C666AC4287E063D0070F558 /* iOS_sirius_testUITests */,
			);
		};
/* End PBXProject section */

/* Begin PBXResourcesBuildPhase section */
		2C666AA3287E063A0070F558 /* Resources */ = {
			isa = PBXResourcesBuildPhase;
			buildActionMask = 2147483647;
			files = (
				2C666AB5287E063C0070F558 /* LaunchScreen.storyboard in Resources */,
				2C666AB2287E063C0070F558 /* Assets.xcassets in Resources */,
			);
			runOnlyForDeploymentPostprocessing = 0;
		};
		2C666AB9287E063D0070F558 /* Resources */ = {
			isa = PBXResourcesBuildPhase;
			buildActionMask = 2147483647;
			files = (
			);
			runOnlyForDeploymentPostprocessing = 0;
		};
		2C666AC3287E063D0070F558 /* Resources */ = {
			isa = PBXResourcesBuildPhase;
			buildActionMask = 2147483647;
			files = (
			);
			runOnlyForDeploymentPostprocessing = 0;
		};
/* End PBXResourcesBuildPhase section */

/* Begin PBXSourcesBuildPhase section */
		2C666AA1287E063A0070F558 /* Sources */ = {
			isa = PBXSourcesBuildPhase;
			buildActionMask = 2147483647;
			files = (
				2C666AE6287E12380070F558 /* NetworkingManager.swift in Sources */,
				2C666AE2287E0CA80070F558 /* ServiceCell.swift in Sources */,
				2C666AE4287E0D650070F558 /* Service.swift in Sources */,
				2C666AAD287E063A0070F558 /* ViewController.swift in Sources */,
				2C666AA9287E063A0070F558 /* AppDelegate.swift in Sources */,
			);
			runOnlyForDeploymentPostprocessing = 0;
		};
		2C666AB7287E063D0070F558 /* Sources */ = {
			isa = PBXSourcesBuildPhase;
			buildActionMask = 2147483647;
			files = (
			);
			runOnlyForDeploymentPostprocessing = 0;
		};
		2C666AC1287E063D0070F558 /* Sources */ = {
			isa = PBXSourcesBuildPhase;
			buildActionMask = 2147483647;
			files = (
			);
			runOnlyForDeploymentPostprocessing = 0;
		};
/* End PBXSourcesBuildPhase section */

/* Begin PBXTargetDependency section */
		2C666ABD287E063D0070F558 /* PBXTargetDependency */ = {
			isa = PBXTargetDependency;
			target = 2C666AA4287E063A0070F558 /* iOS_sirius_test */;
			targetProxy = 2C666ABC287E063D0070F558 /* PBXContainerItemProxy */;
		};
		2C666AC7287E063D0070F558 /* PBXTargetDependency */ = {
			isa = PBXTargetDependency;
			target = 2C666AA4287E063A0070F558 /* iOS_sirius_test */;
			targetProxy = 2C666AC6287E063D0070F558 /* PBXContainerItemProxy */;
		};
/* End PBXTargetDependency section */

/* Begin PBXVariantGroup section */
		2C666AB3287E063C0070F558 /* LaunchScreen.storyboard */ = {
			isa = PBXVariantGroup;
			children = (
				2C666AB4287E063C0070F558 /* Base */,
			);
			name = LaunchScreen.storyboard;
			sourceTree = "<group>";
		};
/* End PBXVariantGroup section */

/* Begin XCBuildConfiguration section */
		2C666ACD287E063D0070F558 /* Debug */ = {
			isa = XCBuildConfiguration;
			buildSettings = {
				ALWAYS_SEARCH_USER_PATHS = NO;
				CLANG_ANALYZER_NONNULL = YES;
				CLANG_ANALYZER_NUMBER_OBJECT_CONVERSION = YES_AGGRESSIVE;
				CLANG_CXX_LANGUAGE_STANDARD = "gnu++17";
				CLANG_ENABLE_MODULES = YES;
				CLANG_ENABLE_OBJC_ARC = YES;
				CLANG_ENABLE_OBJC_WEAK = YES;
				CLANG_WARN_BLOCK_CAPTURE_AUTORELEASING = YES;
				CLANG_WARN_BOOL_CONVERSION = YES;
				CLANG_WARN_COMMA = YES;
				CLANG_WARN_CONSTANT_CONVERSION = YES;
				CLANG_WARN_DEPRECATED_OBJC_IMPLEMENTATIONS = YES;
				CLANG_WARN_DIRECT_OBJC_ISA_USAGE = YES_ERROR;
				CLANG_WARN_DOCUMENTATION_COMMENTS = YES;
				CLANG_WARN_EMPTY_BODY = YES;
				CLANG_WARN_ENUM_CONVERSION = YES;
				CLANG_WARN_INFINITE_RECURSION = YES;
				CLANG_WARN_INT_CONVERSION = YES;
				CLANG_WARN_NON_LITERAL_NULL_CONVERSION = YES;
				CLANG_WARN_OBJC_IMPLICIT_RETAIN_SELF = YES;
				CLANG_WARN_OBJC_LITERAL_CONVERSION = YES;
				CLANG_WARN_OBJC_ROOT_CLASS = YES_ERROR;
				CLANG_WARN_QUOTED_INCLUDE_IN_FRAMEWORK_HEADER = YES;
				CLANG_WARN_RANGE_LOOP_ANALYSIS = YES;
				CLANG_WARN_STRICT_PROTOTYPES = YES;
				CLANG_WARN_SUSPICIOUS_MOVE = YES;
				CLANG_WARN_UNGUARDED_AVAILABILITY = YES_AGGRESSIVE;
				CLANG_WARN_UNREACHABLE_CODE = YES;
				CLANG_WARN__DUPLICATE_METHOD_MATCH = YES;
				COPY_PHASE_STRIP = NO;
				DEBUG_INFORMATION_FORMAT = dwarf;
				ENABLE_STRICT_OBJC_MSGSEND = YES;
				ENABLE_TESTABILITY = YES;
				GCC_C_LANGUAGE_STANDARD = gnu11;
				GCC_DYNAMIC_NO_PIC = NO;
				GCC_NO_COMMON_BLOCKS = YES;
				GCC_OPTIMIZATION_LEVEL = 0;
				GCC_PREPROCESSOR_DEFINITIONS = (
					"DEBUG=1",
					"$(inherited)",
				);
				GCC_WARN_64_TO_32_BIT_CONVERSION = YES;
				GCC_WARN_ABOUT_RETURN_TYPE = YES_ERROR;
				GCC_WARN_UNDECLARED_SELECTOR = YES;
				GCC_WARN_UNINITIALIZED_AUTOS = YES_AGGRESSIVE;
				GCC_WARN_UNUSED_FUNCTION = YES;
				GCC_WARN_UNUSED_VARIABLE = YES;
				IPHONEOS_DEPLOYMENT_TARGET = 15.5;
				MTL_ENABLE_DEBUG_INFO = INCLUDE_SOURCE;
				MTL_FAST_MATH = YES;
				ONLY_ACTIVE_ARCH = YES;
				SDKROOT = iphoneos;
				SWIFT_ACTIVE_COMPILATION_CONDITIONS = DEBUG;
				SWIFT_OPTIMIZATION_LEVEL = "-Onone";
			};
			name = Debug;
		};
		2C666ACE287E063D0070F558 /* Release */ = {
			isa = XCBuildConfiguration;
			buildSettings = {
				ALWAYS_SEARCH_USER_PATHS = NO;
				CLANG_ANALYZER_NONNULL = YES;
				CLANG_ANALYZER_NUMBER_OBJECT_CONVERSION = YES_AGGRESSIVE;
				CLANG_CXX_LANGUAGE_STANDARD = "gnu++17";
				CLANG_ENABLE_MODULES = YES;
				CLANG_ENABLE_OBJC_ARC = YES;
				CLANG_ENABLE_OBJC_WEAK = YES;
				CLANG_WARN_BLOCK_CAPTURE_AUTORELEASING = YES;
				CLANG_WARN_BOOL_CONVERSION = YES;
				CLANG_WARN_COMMA = YES;
				CLANG_WARN_CONSTANT_CONVERSION = YES;
				CLANG_WARN_DEPRECATED_OBJC_IMPLEMENTATIONS = YES;
				CLANG_WARN_DIRECT_OBJC_ISA_USAGE = YES_ERROR;
				CLANG_WARN_DOCUMENTATION_COMMENTS = YES;
				CLANG_WARN_EMPTY_BODY = YES;
				CLANG_WARN_ENUM_CONVERSION = YES;
				CLANG_WARN_INFINITE_RECURSION = YES;
				CLANG_WARN_INT_CONVERSION = YES;
				CLANG_WARN_NON_LITERAL_NULL_CONVERSION = YES;
				CLANG_WARN_OBJC_IMPLICIT_RETAIN_SELF = YES;
				CLANG_WARN_OBJC_LITERAL_CONVERSION = YES;
				CLANG_WARN_OBJC_ROOT_CLASS = YES_ERROR;
				CLANG_WARN_QUOTED_INCLUDE_IN_FRAMEWORK_HEADER = YES;
				CLANG_WARN_RANGE_LOOP_ANALYSIS = YES;
				CLANG_WARN_STRICT_PROTOTYPES = YES;
				CLANG_WARN_SUSPICIOUS_MOVE = YES;
				CLANG_WARN_UNGUARDED_AVAILABILITY = YES_AGGRESSIVE;
				CLANG_WARN_UNREACHABLE_CODE = YES;
				CLANG_WARN__DUPLICATE_METHOD_MATCH = YES;
				COPY_PHASE_STRIP = NO;
				DEBUG_INFORMATION_FORMAT = "dwarf-with-dsym";
				ENABLE_NS_ASSERTIONS = NO;
				ENABLE_STRICT_OBJC_MSGSEND = YES;
				GCC_C_LANGUAGE_STANDARD = gnu11;
				GCC_NO_COMMON_BLOCKS = YES;
				GCC_WARN_64_TO_32_BIT_CONVERSION = YES;
				GCC_WARN_ABOUT_RETURN_TYPE = YES_ERROR;
				GCC_WARN_UNDECLARED_SELECTOR = YES;
				GCC_WARN_UNINITIALIZED_AUTOS = YES_AGGRESSIVE;
				GCC_WARN_UNUSED_FUNCTION = YES;
				GCC_WARN_UNUSED_VARIABLE = YES;
				IPHONEOS_DEPLOYMENT_TARGET = 15.5;
				MTL_ENABLE_DEBUG_INFO = NO;
				MTL_FAST_MATH = YES;
				SDKROOT = iphoneos;
				SWIFT_COMPILATION_MODE = wholemodule;
				SWIFT_OPTIMIZATION_LEVEL = "-O";
				VALIDATE_PRODUCT = YES;
			};
			name = Release;
		};
		2C666AD0287E063D0070F558 /* Debug */ = {
			isa = XCBuildConfiguration;
			buildSettings = {
				ASSETCATALOG_COMPILER_APPICON_NAME = AppIcon;
				ASSETCATALOG_COMPILER_GLOBAL_ACCENT_COLOR_NAME = AccentColor;
				CODE_SIGN_STYLE = Automatic;
				CURRENT_PROJECT_VERSION = 1;
				DEVELOPMENT_TEAM = 35953V9L7K;
				GENERATE_INFOPLIST_FILE = YES;
				INFOPLIST_FILE = iOS_sirius_test/Info.plist;
				INFOPLIST_KEY_UIApplicationSupportsIndirectInputEvents = YES;
				INFOPLIST_KEY_UILaunchStoryboardName = LaunchScreen;
				INFOPLIST_KEY_UISupportedInterfaceOrientations_iPad = "UIInterfaceOrientationPortrait UIInterfaceOrientationPortraitUpsideDown UIInterfaceOrientationLandscapeLeft UIInterfaceOrientationLandscapeRight";
				INFOPLIST_KEY_UISupportedInterfaceOrientations_iPhone = "UIInterfaceOrientationPortrait UIInterfaceOrientationLandscapeLeft UIInterfaceOrientationLandscapeRight";
				LD_RUNPATH_SEARCH_PATHS = (
					"$(inherited)",
					"@executable_path/Frameworks",
				);
				MARKETING_VERSION = 1.0;
				PRODUCT_BUNDLE_IDENTIFIER = "com.ulGord.iOS-sirius-test";
				PRODUCT_NAME = "$(TARGET_NAME)";
				SWIFT_EMIT_LOC_STRINGS = YES;
				SWIFT_VERSION = 5.0;
				TARGETED_DEVICE_FAMILY = "1,2";
			};
			name = Debug;
		};
		2C666AD1287E063D0070F558 /* Release */ = {
			isa = XCBuildConfiguration;
			buildSettings = {
				ASSETCATALOG_COMPILER_APPICON_NAME = AppIcon;
				ASSETCATALOG_COMPILER_GLOBAL_ACCENT_COLOR_NAME = AccentColor;
				CODE_SIGN_STYLE = Automatic;
				CURRENT_PROJECT_VERSION = 1;
				DEVELOPMENT_TEAM = 35953V9L7K;
				GENERATE_INFOPLIST_FILE = YES;
				INFOPLIST_FILE = iOS_sirius_test/Info.plist;
				INFOPLIST_KEY_UIApplicationSupportsIndirectInputEvents = YES;
				INFOPLIST_KEY_UILaunchStoryboardName = LaunchScreen;
				INFOPLIST_KEY_UISupportedInterfaceOrientations_iPad = "UIInterfaceOrientationPortrait UIInterfaceOrientationPortraitUpsideDown UIInterfaceOrientationLandscapeLeft UIInterfaceOrientationLandscapeRight";
				INFOPLIST_KEY_UISupportedInterfaceOrientations_iPhone = "UIInterfaceOrientationPortrait UIInterfaceOrientationLandscapeLeft UIInterfaceOrientationLandscapeRight";
				LD_RUNPATH_SEARCH_PATHS = (
					"$(inherited)",
					"@executable_path/Frameworks",
				);
				MARKETING_VERSION = 1.0;
				PRODUCT_BUNDLE_IDENTIFIER = "com.ulGord.iOS-sirius-test";
				PRODUCT_NAME = "$(TARGET_NAME)";
				SWIFT_EMIT_LOC_STRINGS = YES;
				SWIFT_VERSION = 5.0;
				TARGETED_DEVICE_FAMILY = "1,2";
			};
			name = Release;
		};
		2C666AD3287E063D0070F558 /* Debug */ = {
			isa = XCBuildConfiguration;
			buildSettings = {
				ALWAYS_EMBED_SWIFT_STANDARD_LIBRARIES = YES;
				BUNDLE_LOADER = "$(TEST_HOST)";
				CODE_SIGN_STYLE = Automatic;
				CURRENT_PROJECT_VERSION = 1;
				DEVELOPMENT_TEAM = 35953V9L7K;
				GENERATE_INFOPLIST_FILE = YES;
				IPHONEOS_DEPLOYMENT_TARGET = 15.5;
				MARKETING_VERSION = 1.0;
				PRODUCT_BUNDLE_IDENTIFIER = "com.ulGord.iOS-sirius-testTests";
				PRODUCT_NAME = "$(TARGET_NAME)";
				SWIFT_EMIT_LOC_STRINGS = NO;
				SWIFT_VERSION = 5.0;
				TARGETED_DEVICE_FAMILY = "1,2";
				TEST_HOST = "$(BUILT_PRODUCTS_DIR)/iOS_sirius_test.app/iOS_sirius_test";
			};
			name = Debug;
		};
		2C666AD4287E063D0070F558 /* Release */ = {
			isa = XCBuildConfiguration;
			buildSettings = {
				ALWAYS_EMBED_SWIFT_STANDARD_LIBRARIES = YES;
				BUNDLE_LOADER = "$(TEST_HOST)";
				CODE_SIGN_STYLE = Automatic;
				CURRENT_PROJECT_VERSION = 1;
				DEVELOPMENT_TEAM = 35953V9L7K;
				GENERATE_INFOPLIST_FILE = YES;
				IPHONEOS_DEPLOYMENT_TARGET = 15.5;
				MARKETING_VERSION = 1.0;
				PRODUCT_BUNDLE_IDENTIFIER = "com.ulGord.iOS-sirius-testTests";
				PRODUCT_NAME = "$(TARGET_NAME)";
				SWIFT_EMIT_LOC_STRINGS = NO;
				SWIFT_VERSION = 5.0;
				TARGETED_DEVICE_FAMILY = "1,2";
				TEST_HOST = "$(BUILT_PRODUCTS_DIR)/iOS_sirius_test.app/iOS_sirius_test";
			};
			name = Release;
		};
		2C666AD6287E063D0070F558 /* Debug */ = {
			isa = XCBuildConfiguration;
			buildSettings = {
				ALWAYS_EMBED_SWIFT_STANDARD_LIBRARIES = YES;
				CODE_SIGN_STYLE = Automatic;
				CURRENT_PROJECT_VERSION = 1;
				DEVELOPMENT_TEAM = 35953V9L7K;
				GENERATE_INFOPLIST_FILE = YES;
				MARKETING_VERSION = 1.0;
				PRODUCT_BUNDLE_IDENTIFIER = "com.ulGord.iOS-sirius-testUITests";
				PRODUCT_NAME = "$(TARGET_NAME)";
				SWIFT_EMIT_LOC_STRINGS = NO;
				SWIFT_VERSION = 5.0;
				TARGETED_DEVICE_FAMILY = "1,2";
				TEST_TARGET_NAME = iOS_sirius_test;
			};
			name = Debug;
		};
		2C666AD7287E063D0070F558 /* Release */ = {
			isa = XCBuildConfiguration;
			buildSettings = {
				ALWAYS_EMBED_SWIFT_STANDARD_LIBRARIES = YES;
				CODE_SIGN_STYLE = Automatic;
				CURRENT_PROJECT_VERSION = 1;
				DEVELOPMENT_TEAM = 35953V9L7K;
				GENERATE_INFOPLIST_FILE = YES;
				MARKETING_VERSION = 1.0;
				PRODUCT_BUNDLE_IDENTIFIER = "com.ulGord.iOS-sirius-testUITests";
				PRODUCT_NAME = "$(TARGET_NAME)";
				SWIFT_EMIT_LOC_STRINGS = NO;
				SWIFT_VERSION = 5.0;
				TARGETED_DEVICE_FAMILY = "1,2";
				TEST_TARGET_NAME = iOS_sirius_test;
			};
			name = Release;
		};
/* End XCBuildConfiguration section */

/* Begin XCConfigurationList section */
		2C666AA0287E063A0070F558 /* Build configuration list for PBXProject "iOS_sirius_test" */ = {
			isa = XCConfigurationList;
			buildConfigurations = (
				2C666ACD287E063D0070F558 /* Debug */,
				2C666ACE287E063D0070F558 /* Release */,
			);
			defaultConfigurationIsVisible = 0;
			defaultConfigurationName = Release;
		};
		2C666ACF287E063D0070F558 /* Build configuration list for PBXNativeTarget "iOS_sirius_test" */ = {
			isa = XCConfigurationList;
			buildConfigurations = (
				2C666AD0287E063D0070F558 /* Debug */,
				2C666AD1287E063D0070F558 /* Release */,
			);
			defaultConfigurationIsVisible = 0;
			defaultConfigurationName = Release;
		};
		2C666AD2287E063D0070F558 /* Build configuration list for PBXNativeTarget "iOS_sirius_testTests" */ = {
			isa = XCConfigurationList;
			buildConfigurations = (
				2C666AD3287E063D0070F558 /* Debug */,
				2C666AD4287E063D0070F558 /* Release */,
			);
			defaultConfigurationIsVisible = 0;
			defaultConfigurationName = Release;
		};
		2C666AD5287E063D0070F558 /* Build configuration list for PBXNativeTarget "iOS_sirius_testUITests" */ = {
			isa = XCConfigurationList;
			buildConfigurations = (
				2C666AD6287E063D0070F558 /* Debug */,
				2C666AD7287E063D0070F558 /* Release */,
			);
			defaultConfigurationIsVisible = 0;
			defaultConfigurationName = Release;
		};
/* End XCConfigurationList section */

/* Begin XCRemoteSwiftPackageReference section */
		2C666AE7287EFEBB0070F558 /* XCRemoteSwiftPackageReference "Kingfisher" */ = {
			isa = XCRemoteSwiftPackageReference;
			repositoryURL = "https://github.com/onevcat/Kingfisher";
			requirement = {
				kind = upToNextMajorVersion;
				minimumVersion = 7.0.0;
			};
		};
/* End XCRemoteSwiftPackageReference section */

/* Begin XCSwiftPackageProductDependency section */
		2C666AE8287EFEBB0070F558 /* Kingfisher */ = {
			isa = XCSwiftPackageProductDependency;
			package = 2C666AE7287EFEBB0070F558 /* XCRemoteSwiftPackageReference "Kingfisher" */;
			productName = Kingfisher;
		};
/* End XCSwiftPackageProductDependency section */
	};
	rootObject = 2C666A9D287E063A0070F558 /* Project object */;
}
